<?xml version="1.0" encoding="utf-8"?>
<Project ToolsVersion="4.0" xmlns="http://schemas.microsoft.com/developer/msbuild/2003">
  <ItemGroup>
    <Filter Include="Common">
      <UniqueIdentifier>72ac4d4f-9041-42e2-9ca4-29f39f391ab9</UniqueIdentifier>
    </Filter>
    <Filter Include="Assets">
      <UniqueIdentifier>130108c1-0e7c-4f9a-a324-6ef791c59b9c</UniqueIdentifier>
      <Extensions>bmp;fbx;gif;jpg;jpeg;tga;tiff;tif;png</Extensions>
    </Filter>
    <Filter Include="Content">
      <UniqueIdentifier>05ede32d-b777-4bd7-8ba3-2866f0127be9</UniqueIdentifier>
    </Filter>
    <Filter Include="Content\Shaders">
      <UniqueIdentifier>01230baa-2380-4e83-9d49-e76438a4afd6</UniqueIdentifier>
    </Filter>
    <ClInclude Include="Common\DirectXHelper.h">
      <Filter>Common</Filter>
    </ClInclude>
    <ClInclude Include="Common\StepTimer.h">
      <Filter>Common</Filter>
    </ClInclude>
    <ClInclude Include="Common\DeviceResources.h">
      <Filter>Common</Filter>
    </ClInclude>
    <ClCompile Include="Common\DeviceResources.cpp">
      <Filter>Common</Filter>
    </ClCompile>
    <ClInclude Include="Common\CameraResources.h">
      <Filter>Common</Filter>
    </ClInclude>
    <ClCompile Include="Common\CameraResources.cpp">
      <Filter>Common</Filter>
    </ClCompile>
    <Image Include="Assets\LockScreenLogo.scale-200.png">
      <Filter>Assets</Filter>
    </Image>
    <Image Include="Assets\SplashScreen.scale-200.png">
      <Filter>Assets</Filter>
    </Image>
    <Image Include="Assets\Square150x150Logo.scale-200.png">
      <Filter>Assets</Filter>
    </Image>
    <Image Include="Assets\Square44x44Logo.scale-200.png">
      <Filter>Assets</Filter>
    </Image>
    <Image Include="Assets\Square44x44Logo.targetsize-24_altform-unplated.png">
      <Filter>Assets</Filter>
    </Image>
    <Image Include="Assets\StoreLogo.png">
      <Filter>Assets</Filter>
    </Image>
    <Image Include="Assets\Wide310x150Logo.scale-200.png">
      <Filter>Assets</Filter>
    </Image>
    <Filter Include="Common\PlaneFinding">
      <UniqueIdentifier>{01b5d874-8294-408a-b078-d928efb3a346}</UniqueIdentifier>
    </Filter>
  </ItemGroup>
  <ItemGroup>
    <ClCompile Include="pch.cpp" />
    <ClCompile Include="AppView.cpp" />
    <ClCompile Include="HoloLensTerrainGenDemoMain.cpp" />
    <ClCompile Include="Content\Terrain.cpp">
      <Filter>Content</Filter>
    </ClCompile>
    <ClCompile Include="Content\BSP Tree.cpp">
      <Filter>Content</Filter>
    </ClCompile>
    <ClCompile Include="Common\PlaneFinding\FindPlanes.cpp">
      <Filter>Common\PlaneFinding</Filter>
    </ClCompile>
    <ClCompile Include="Common\PlaneFinding\HalfEdgeMesh.cpp">
      <Filter>Common\PlaneFinding</Filter>
    </ClCompile>
    <ClCompile Include="Common\PlaneFinding\MergePlanes.cpp">
      <Filter>Common\PlaneFinding</Filter>
    </ClCompile>
    <ClCompile Include="Common\PlaneFinding\PCAHelper.cpp">
      <Filter>Common\PlaneFinding</Filter>
    </ClCompile>
    <ClCompile Include="Common\PlaneFinding\Util.cpp">
      <Filter>Common\PlaneFinding</Filter>
    </ClCompile>
    <ClCompile Include="Content\SurfaceMesh.cpp">
      <Filter>Content</Filter>
    </ClCompile>
    <ClCompile Include="Content\RealtimeSurfaceMeshRenderer.cpp">
      <Filter>Content</Filter>
    </ClCompile>
    <ClCompile Include="Content\GUIManager.cpp">
      <Filter>Content</Filter>
    </ClCompile>
    <ClCompile Include="Content\SurfacePlaneRenderer.cpp">
      <Filter>Content</Filter>
    </ClCompile>
  </ItemGroup>
  <ItemGroup>
    <ClInclude Include="pch.h" />
    <ClInclude Include="AppView.h" />
    <ClInclude Include="Content\ShaderStructures.h">
      <Filter>Content</Filter>
    </ClInclude>
    <ClInclude Include="HoloLensTerrainGenDemoMain.h" />
    <ClInclude Include="Content\Terrain.h">
      <Filter>Content</Filter>
    </ClInclude>
    <ClInclude Include="Content\BSP Tree.h">
      <Filter>Content</Filter>
    </ClInclude>
    <ClInclude Include="resource.h" />
    <ClInclude Include="Common\PlaneFinding\common.h">
      <Filter>Common\PlaneFinding</Filter>
    </ClInclude>
    <ClInclude Include="Common\PlaneFinding\HalfEdgeMesh.h">
      <Filter>Common\PlaneFinding</Filter>
    </ClInclude>
    <ClInclude Include="Common\PlaneFinding\MathHelpers.h">
      <Filter>Common\PlaneFinding</Filter>
    </ClInclude>
    <ClInclude Include="Common\PlaneFinding\NBest.h">
      <Filter>Common\PlaneFinding</Filter>
    </ClInclude>
    <ClInclude Include="Common\PlaneFinding\PCAHelper.h">
      <Filter>Common\PlaneFinding</Filter>
    </ClInclude>
    <ClInclude Include="Common\PlaneFinding\PlaneFinding.h">
      <Filter>Common\PlaneFinding</Filter>
    </ClInclude>
    <ClInclude Include="Common\PlaneFinding\Util.h">
      <Filter>Common\PlaneFinding</Filter>
    </ClInclude>
    <ClInclude Include="Content\SurfaceMesh.h">
      <Filter>Content</Filter>
    </ClInclude>
    <ClInclude Include="Content\RealtimeSurfaceMeshRenderer.h">
      <Filter>Content</Filter>
    </ClInclude>
    <ClInclude Include="GetDataFromIBuffer.h">
      <Filter>Content</Filter>
    </ClInclude>
    <ClInclude Include="Content\GUIManager.h">
      <Filter>Content</Filter>
    </ClInclude>
    <ClInclude Include="Common\MathFunctions.h">
      <Filter>Common</Filter>
    </ClInclude>
    <ClInclude Include="Content\SurfacePlaneRenderer.h">
      <Filter>Content</Filter>
    </ClInclude>
  </ItemGroup>
  <ItemGroup>
    <FxCompile Include="Content\VertexShader.hlsl">
      <Filter>Content\Shaders</Filter>
    </FxCompile>
    <FxCompile Include="Content\GeometryShader.hlsl">
      <Filter>Content\Shaders</Filter>
    </FxCompile>
    <FxCompile Include="Content\PixelShader.hlsl">
      <Filter>Content\Shaders</Filter>
    </FxCompile>
    <FxCompile Include="Content\VPRTVertexShader.hlsl">
      <Filter>Content\Shaders</Filter>
    </FxCompile>
    <FxCompile Include="Content\SimpleLightingPixelShader.hlsl">
      <Filter>Content\Shaders</Filter>
    </FxCompile>
    <FxCompile Include="Content\SolidColorPixelShader.hlsl">
      <Filter>Content\Shaders</Filter>
    </FxCompile>
    <FxCompile Include="Content\SurfaceGeometryShader.hlsl">
      <Filter>Content\Shaders</Filter>
    </FxCompile>
    <FxCompile Include="Content\SurfaceVertexShader.hlsl">
      <Filter>Content\Shaders</Filter>
    </FxCompile>
    <FxCompile Include="Content\SurfaceVPRTVertexShader.hlsl">
      <Filter>Content\Shaders</Filter>
    </FxCompile>
    <FxCompile Include="Content\PlaneVertexShader.hlsl">
      <Filter>Content\Shaders</Filter>
    </FxCompile>
    <FxCompile Include="Content\PlaneVPRTVertexShader.hlsl">
      <Filter>Content\Shaders</Filter>
    </FxCompile>
    <FxCompile Include="Content\PlaneGeometryShader.hlsl">
      <Filter>Content\Shaders</Filter>
    </FxCompile>
    <FxCompile Include="Content\PlanePixelShader.hlsl">
      <Filter>Content\Shaders</Filter>
    </FxCompile>
  </ItemGroup>
  <ItemGroup>
    <AppxManifest Include="Package.appxmanifest" />
  </ItemGroup>
  <ItemGroup>
    <None Include="HoloLensTerrainGenDemo_TemporaryKey.pfx" />
  </ItemGroup>
  <ItemGroup>
    <ResourceCompile Include="HoloLensTerrainGenDemo.rc" />
  </ItemGroup>
</Project>