
Microsoft Visual Studio Solution File, Format Version 12.00
# Visual Studio 2017
Project("{FAE04EC0-301F-11D3-BF4B-00C04F79EFBC}") = "Unity HoloLens Terrain Demo", "Unity HoloLens Terrain Demo.csproj", "{01FD06A3-7B9A-34E9-3A2F-2789FF8517B3}"
EndProject
Global
	GlobalSection(SolutionConfigurationPlatforms) = preSolution
		Debug|Any CPU = Debug|Any CPU
		Release|Any CPU = Release|Any CPU
	EndGlobalSection
	GlobalSection(ProjectConfigurationPlatforms) = postSolution
		{01FD06A3-7B9A-34E9-3A2F-2789FF8517B3}.Debug|Any CPU.ActiveCfg = Debug|Any CPU
		{01FD06A3-7B9A-34E9-3A2F-2789FF8517B3}.Debug|Any CPU.Build.0 = Debug|Any CPU
		{01FD06A3-7B9A-34E9-3A2F-2789FF8517B3}.Release|Any CPU.ActiveCfg = Release|Any CPU
		{01FD06A3-7B9A-34E9-3A2F-2789FF8517B3}.Release|Any CPU.Build.0 = Release|Any CPU
	EndGlobalSection
	GlobalSection(SolutionProperties) = preSolution
		HideSolutionNode = FALSE
	EndGlobalSection
EndGlobal
